PODS:
  - Nimble (7.3.1)
  - Pure (1.0.0):
    - Pure/Core (= 1.0.0)
  - Pure/Core (1.0.0)
  - Quick (1.3.2)
  - ReactorKit (1.2.0):
    - RxSwift (>= 4.0.0)
  - RxCocoa (4.3.1):
    - RxSwift (~> 4.0)
  - RxSwift (4.3.1)
  - Then (2.4.0)

DEPENDENCIES:
  - Nimble (from `https://github.com/Quick/Nimble`, branch `7.x-branch`)
  - Pure
  - Quick
  - ReactorKit
  - RxCocoa (~> 4.0)
  - RxSwift (~> 4.0)
  - Then

SPEC REPOS:
  https://github.com/cocoapods/specs.git:
    - Pure
    - Quick
    - ReactorKit
    - RxCocoa
    - RxSwift
    - Then

EXTERNAL SOURCES:
  Nimble:
    :branch: 7.x-branch
    :git: https://github.com/Quick/Nimble

CHECKOUT OPTIONS:
  Nimble:
    :commit: cd6dfb86f496fcd96ce0bc6da962cd936bf41903
    :git: https://github.com/Quick/Nimble

SPEC CHECKSUMS:
  Nimble: 04f732da099ea4d153122aec8c2a88fd0c7219ae
  Pure: b60f73ab5d35dd3aa61c2f203536020a30a92b92
  Quick: 2623cb30d7a7f41ca62f684f679586558f483d46
  ReactorKit: 18ca466f1e77fef1827addeb921fba8ae14edd63
  RxCocoa: 78763c7b07d02455598d9fc3c1ad091a28b73635
  RxSwift: fe0fd770a43acdb7d0a53da411c9b892e69bb6e4
  Then: 71866660c7af35a7343831f7668e7cd2b62ee0f2

PODFILE CHECKSUM: b0ad17ac418427ac80996d3c2060c3ce4fc04bc8

COCOAPODS: 1.5.3
